
Microsoft Visual Studio Solution File, Format Version 12.00
# Visual Studio 2012
Project("{8BC9CEB8-8B4A-11D0-8D11-00A0C91BC942}") = "Dames", "Dames\Dames.vcxproj", "{A47A9966-2A75-4948-97C7-6D6C4486C27B}"
EndProject
Global
	GlobalSection(SolutionConfigurationPlatforms) = preSolution
		Debug|Win32 = Debug|Win32
		Release|Win32 = Release|Win32
	EndGlobalSection
	GlobalSection(ProjectConfigurationPlatforms) = postSolution
		{A47A9966-2A75-4948-97C7-6D6C4486C27B}.Debug|Win32.ActiveCfg = Debug|Win32
		{A47A9966-2A75-4948-97C7-6D6C4486C27B}.Debug|Win32.Build.0 = Debug|Win32
		{A47A9966-2A75-4948-97C7-6D6C4486C27B}.Release|Win32.ActiveCfg = Release|Win32
		{A47A9966-2A75-4948-97C7-6D6C4486C27B}.Release|Win32.Build.0 = Release|Win32
	EndGlobalSection
	GlobalSection(SolutionProperties) = preSolution
		HideSolutionNode = FALSE
	EndGlobalSection
EndGlobal
